
Microsoft Visual Studio Solution File, Format Version 12.00
# Visual Studio Version 16
VisualStudioVersion = 16.0.29306.81
MinimumVisualStudioVersion = 10.0.40219.1
Project("{9A19103F-16F7-4668-BE54-9A1E7A4F7556}") = "TheFipster.GoogleTakeout.MapsTimeline", "TheFipster.GoogleTakeout.MapsTimeline\TheFipster.GoogleTakeout.MapsTimeline.csproj", "{F2A1CFBB-C26A-4771-BB86-5F9F61A9E396}"
EndProject
Project("{9A19103F-16F7-4668-BE54-9A1E7A4F7556}") = "TheFipster.GoogleTakeout.Cli", "TheFipster.GoogleTakeout.Cli\TheFipster.GoogleTakeout.Cli.csproj", "{F04D5ECC-5C4B-492C-A413-EEC56DDF736C}"
EndProject
Global
	GlobalSection(SolutionConfigurationPlatforms) = preSolution
		Debug|Any CPU = Debug|Any CPU
		Release|Any CPU = Release|Any CPU
	EndGlobalSection
	GlobalSection(ProjectConfigurationPlatforms) = postSolution
		{F2A1CFBB-C26A-4771-BB86-5F9F61A9E396}.Debug|Any CPU.ActiveCfg = Debug|Any CPU
		{F2A1CFBB-C26A-4771-BB86-5F9F61A9E396}.Debug|Any CPU.Build.0 = Debug|Any CPU
		{F2A1CFBB-C26A-4771-BB86-5F9F61A9E396}.Release|Any CPU.ActiveCfg = Release|Any CPU
		{F2A1CFBB-C26A-4771-BB86-5F9F61A9E396}.Release|Any CPU.Build.0 = Release|Any CPU
		{F04D5ECC-5C4B-492C-A413-EEC56DDF736C}.Debug|Any CPU.ActiveCfg = Debug|Any CPU
		{F04D5ECC-5C4B-492C-A413-EEC56DDF736C}.Debug|Any CPU.Build.0 = Debug|Any CPU
		{F04D5ECC-5C4B-492C-A413-EEC56DDF736C}.Release|Any CPU.ActiveCfg = Release|Any CPU
		{F04D5ECC-5C4B-492C-A413-EEC56DDF736C}.Release|Any CPU.Build.0 = Release|Any CPU
	EndGlobalSection
	GlobalSection(SolutionProperties) = preSolution
		HideSolutionNode = FALSE
	EndGlobalSection
	GlobalSection(ExtensibilityGlobals) = postSolution
		SolutionGuid = {FE24E4AA-5D96-4478-8FF5-B4CB2713FB76}
	EndGlobalSection
EndGlobal
